// !$*UTF8*$!
{
	archiveVersion = 1;
	classes = {
	};
	objectVersion = 56;
	objects = {

/* Begin PBXBuildFile section */
		CE6466E329E6990900D32B47 /* AppDelegate.swift in Sources */ = {isa = PBXBuildFile; fileRef = CE6466E229E6990900D32B47 /* AppDelegate.swift */; };
		CE6466E529E6990900D32B47 /* SceneDelegate.swift in Sources */ = {isa = PBXBuildFile; fileRef = CE6466E429E6990900D32B47 /* SceneDelegate.swift */; };
		CE6466E729E6990900D32B47 /* WordsViewController.swift in Sources */ = {isa = PBXBuildFile; fileRef = CE6466E629E6990900D32B47 /* WordsViewController.swift */; };
		CE6466EC29E6990B00D32B47 /* Assets.xcassets in Resources */ = {isa = PBXBuildFile; fileRef = CE6466EB29E6990B00D32B47 /* Assets.xcassets */; };
		CE6466EF29E6990B00D32B47 /* LaunchScreen.storyboard in Resources */ = {isa = PBXBuildFile; fileRef = CE6466ED29E6990B00D32B47 /* LaunchScreen.storyboard */; };
		CE6466FB29E69C1500D32B47 /* WordCell.swift in Sources */ = {isa = PBXBuildFile; fileRef = CE6466FA29E69C1500D32B47 /* WordCell.swift */; };
		CE6466FE29E69F1500D32B47 /* Word.swift in Sources */ = {isa = PBXBuildFile; fileRef = CE6466FD29E69F1500D32B47 /* Word.swift */; };
		CE64670129E6A1F200D32B47 /* WordsService.swift in Sources */ = {isa = PBXBuildFile; fileRef = CE64670029E6A1F200D32B47 /* WordsService.swift */; };
		CE64670329E6A50500D32B47 /* words5000.json in Resources */ = {isa = PBXBuildFile; fileRef = CE64670229E6A50500D32B47 /* words5000.json */; };
		CE64670529E6A6E600D32B47 /* MainTabBarController.swift in Sources */ = {isa = PBXBuildFile; fileRef = CE64670429E6A6E600D32B47 /* MainTabBarController.swift */; };
		CE64670B29E6ABC300D32B47 /* GameViewController.swift in Sources */ = {isa = PBXBuildFile; fileRef = CE64670A29E6ABC300D32B47 /* GameViewController.swift */; };
		CE64670D29E7E2B000D32B47 /* KnownWordsViewController.swift in Sources */ = {isa = PBXBuildFile; fileRef = CE64670C29E7E2B000D32B47 /* KnownWordsViewController.swift */; };
		CE64671029E7E62500D32B47 /* NoKnowCell.swift in Sources */ = {isa = PBXBuildFile; fileRef = CE64670F29E7E62500D32B47 /* NoKnowCell.swift */; };
		CE64671329E7E64000D32B47 /* KnowCell.swift in Sources */ = {isa = PBXBuildFile; fileRef = CE64671229E7E64000D32B47 /* KnowCell.swift */; };
		CEBB91D529E7E7EC00D26220 /* StudyingViewController.swift in Sources */ = {isa = PBXBuildFile; fileRef = CEBB91D429E7E7EC00D26220 /* StudyingViewController.swift */; };
/* End PBXBuildFile section */

/* Begin PBXFileReference section */
		CE6466DF29E6990900D32B47 /* english-words.app */ = {isa = PBXFileReference; explicitFileType = wrapper.application; includeInIndex = 0; path = "english-words.app"; sourceTree = BUILT_PRODUCTS_DIR; };
		CE6466E229E6990900D32B47 /* AppDelegate.swift */ = {isa = PBXFileReference; lastKnownFileType = sourcecode.swift; path = AppDelegate.swift; sourceTree = "<group>"; };
		CE6466E429E6990900D32B47 /* SceneDelegate.swift */ = {isa = PBXFileReference; lastKnownFileType = sourcecode.swift; path = SceneDelegate.swift; sourceTree = "<group>"; };
		CE6466E629E6990900D32B47 /* WordsViewController.swift */ = {isa = PBXFileReference; lastKnownFileType = sourcecode.swift; path = WordsViewController.swift; sourceTree = "<group>"; };
		CE6466EB29E6990B00D32B47 /* Assets.xcassets */ = {isa = PBXFileReference; lastKnownFileType = folder.assetcatalog; path = Assets.xcassets; sourceTree = "<group>"; };
		CE6466EE29E6990B00D32B47 /* Base */ = {isa = PBXFileReference; lastKnownFileType = file.storyboard; name = Base; path = Base.lproj/LaunchScreen.storyboard; sourceTree = "<group>"; };
		CE6466F029E6990B00D32B47 /* Info.plist */ = {isa = PBXFileReference; lastKnownFileType = text.plist.xml; path = Info.plist; sourceTree = "<group>"; };
		CE6466FA29E69C1500D32B47 /* WordCell.swift */ = {isa = PBXFileReference; lastKnownFileType = sourcecode.swift; path = WordCell.swift; sourceTree = "<group>"; };
		CE6466FD29E69F1500D32B47 /* Word.swift */ = {isa = PBXFileReference; lastKnownFileType = sourcecode.swift; path = Word.swift; sourceTree = "<group>"; };
		CE64670029E6A1F200D32B47 /* WordsService.swift */ = {isa = PBXFileReference; lastKnownFileType = sourcecode.swift; path = WordsService.swift; sourceTree = "<group>"; };
		CE64670229E6A50500D32B47 /* words5000.json */ = {isa = PBXFileReference; fileEncoding = 4; lastKnownFileType = text.json; path = words5000.json; sourceTree = "<group>"; };
		CE64670429E6A6E600D32B47 /* MainTabBarController.swift */ = {isa = PBXFileReference; lastKnownFileType = sourcecode.swift; path = MainTabBarController.swift; sourceTree = "<group>"; };
		CE64670A29E6ABC300D32B47 /* GameViewController.swift */ = {isa = PBXFileReference; lastKnownFileType = sourcecode.swift; path = GameViewController.swift; sourceTree = "<group>"; };
		CE64670C29E7E2B000D32B47 /* KnownWordsViewController.swift */ = {isa = PBXFileReference; fileEncoding = 4; lastKnownFileType = sourcecode.swift; path = KnownWordsViewController.swift; sourceTree = "<group>"; };
		CE64670F29E7E62500D32B47 /* NoKnowCell.swift */ = {isa = PBXFileReference; lastKnownFileType = sourcecode.swift; path = NoKnowCell.swift; sourceTree = "<group>"; };
		CE64671229E7E64000D32B47 /* KnowCell.swift */ = {isa = PBXFileReference; lastKnownFileType = sourcecode.swift; path = KnowCell.swift; sourceTree = "<group>"; };
		CEBB91D429E7E7EC00D26220 /* StudyingViewController.swift */ = {isa = PBXFileReference; lastKnownFileType = sourcecode.swift; path = StudyingViewController.swift; sourceTree = "<group>"; };
/* End PBXFileReference section */

/* Begin PBXFrameworksBuildPhase section */
		CE6466DC29E6990900D32B47 /* Frameworks */ = {
			isa = PBXFrameworksBuildPhase;
			buildActionMask = 2147483647;
			files = (
			);
			runOnlyForDeploymentPostprocessing = 0;
		};
/* End PBXFrameworksBuildPhase section */

/* Begin PBXGroup section */
		CE6466D629E6990900D32B47 = {
			isa = PBXGroup;
			children = (
				CE6466E129E6990900D32B47 /* english-words */,
				CE6466E029E6990900D32B47 /* Products */,
			);
			sourceTree = "<group>";
		};
		CE6466E029E6990900D32B47 /* Products */ = {
			isa = PBXGroup;
			children = (
				CE6466DF29E6990900D32B47 /* english-words.app */,
			);
			name = Products;
			sourceTree = "<group>";
		};
		CE6466E129E6990900D32B47 /* english-words */ = {
			isa = PBXGroup;
			children = (
				CE6466F629E6991800D32B47 /* App */,
				CE6466F829E69BEE00D32B47 /* Screens */,
				CE6466FC29E69EFC00D32B47 /* Models */,
				CE6466FF29E6A1D300D32B47 /* Services */,
				CE6466F729E6992900D32B47 /* Resources */,
			);
			path = "english-words";
			sourceTree = "<group>";
		};
		CE6466F629E6991800D32B47 /* App */ = {
			isa = PBXGroup;
			children = (
				CE6466E229E6990900D32B47 /* AppDelegate.swift */,
				CE6466E429E6990900D32B47 /* SceneDelegate.swift */,
				CE64670429E6A6E600D32B47 /* MainTabBarController.swift */,
			);
			path = App;
			sourceTree = "<group>";
		};
		CE6466F729E6992900D32B47 /* Resources */ = {
			isa = PBXGroup;
			children = (
				CE64670229E6A50500D32B47 /* words5000.json */,
				CE6466EB29E6990B00D32B47 /* Assets.xcassets */,
				CE6466ED29E6990B00D32B47 /* LaunchScreen.storyboard */,
				CE6466F029E6990B00D32B47 /* Info.plist */,
			);
			path = Resources;
			sourceTree = "<group>";
		};
		CE6466F829E69BEE00D32B47 /* Screens */ = {
			isa = PBXGroup;
			children = (
				CE64671129E7E62B00D32B47 /* Know */,
				CE64670E29E7E60D00D32B47 /* NoKnow */,
				CE64671429E7E67B00D32B47 /* Game */,
				CE6466F929E69BFA00D32B47 /* Words */,
			);
			path = Screens;
			sourceTree = "<group>";
		};
		CE6466F929E69BFA00D32B47 /* Words */ = {
			isa = PBXGroup;
			children = (
				CE6466E629E6990900D32B47 /* WordsViewController.swift */,
				CE6466FA29E69C1500D32B47 /* WordCell.swift */,
			);
			path = Words;
			sourceTree = "<group>";
		};
		CE6466FC29E69EFC00D32B47 /* Models */ = {
			isa = PBXGroup;
			children = (
				CE6466FD29E69F1500D32B47 /* Word.swift */,
			);
			path = Models;
			sourceTree = "<group>";
		};
		CE6466FF29E6A1D300D32B47 /* Services */ = {
			isa = PBXGroup;
			children = (
				CE64670029E6A1F200D32B47 /* WordsService.swift */,
			);
			path = Services;
			sourceTree = "<group>";
		};
		CE64670E29E7E60D00D32B47 /* NoKnow */ = {
			isa = PBXGroup;
			children = (
				CEBB91D429E7E7EC00D26220 /* StudyingViewController.swift */,
				CE64670F29E7E62500D32B47 /* NoKnowCell.swift */,
			);
			path = NoKnow;
			sourceTree = "<group>";
		};
		CE64671129E7E62B00D32B47 /* Know */ = {
			isa = PBXGroup;
			children = (
				CE64670C29E7E2B000D32B47 /* KnownWordsViewController.swift */,
				CE64671229E7E64000D32B47 /* KnowCell.swift */,
			);
			path = Know;
			sourceTree = "<group>";
		};
		CE64671429E7E67B00D32B47 /* Game */ = {
			isa = PBXGroup;
			children = (
				CE64670A29E6ABC300D32B47 /* GameViewController.swift */,
			);
			path = Game;
			sourceTree = "<group>";
		};
/* End PBXGroup section */

/* Begin PBXNativeTarget section */
		CE6466DE29E6990900D32B47 /* english-words */ = {
			isa = PBXNativeTarget;
			buildConfigurationList = CE6466F329E6990B00D32B47 /* Build configuration list for PBXNativeTarget "english-words" */;
			buildPhases = (
				CE6466DB29E6990900D32B47 /* Sources */,
				CE6466DC29E6990900D32B47 /* Frameworks */,
				CE6466DD29E6990900D32B47 /* Resources */,
			);
			buildRules = (
			);
			dependencies = (
			);
			name = "english-words";
			productName = "english-words";
			productReference = CE6466DF29E6990900D32B47 /* english-words.app */;
			productType = "com.apple.product-type.application";
		};
/* End PBXNativeTarget section */

/* Begin PBXProject section */
		CE6466D729E6990900D32B47 /* Project object */ = {
			isa = PBXProject;
			attributes = {
				BuildIndependentTargetsInParallel = 1;
				LastSwiftUpdateCheck = 1430;
				LastUpgradeCheck = 1430;
				TargetAttributes = {
					CE6466DE29E6990900D32B47 = {
						CreatedOnToolsVersion = 14.3;
					};
				};
			};
			buildConfigurationList = CE6466DA29E6990900D32B47 /* Build configuration list for PBXProject "english-words" */;
			compatibilityVersion = "Xcode 14.0";
			developmentRegion = en;
			hasScannedForEncodings = 0;
			knownRegions = (
				en,
				Base,
			);
			mainGroup = CE6466D629E6990900D32B47;
			productRefGroup = CE6466E029E6990900D32B47 /* Products */;
			projectDirPath = "";
			projectRoot = "";
			targets = (
				CE6466DE29E6990900D32B47 /* english-words */,
			);
		};
/* End PBXProject section */

/* Begin PBXResourcesBuildPhase section */
		CE6466DD29E6990900D32B47 /* Resources */ = {
			isa = PBXResourcesBuildPhase;
			buildActionMask = 2147483647;
			files = (
				CE6466EF29E6990B00D32B47 /* LaunchScreen.storyboard in Resources */,
				CE6466EC29E6990B00D32B47 /* Assets.xcassets in Resources */,
				CE64670329E6A50500D32B47 /* words5000.json in Resources */,
			);
			runOnlyForDeploymentPostprocessing = 0;
		};
/* End PBXResourcesBuildPhase section */

/* Begin PBXSourcesBuildPhase section */
		CE6466DB29E6990900D32B47 /* Sources */ = {
			isa = PBXSourcesBuildPhase;
			buildActionMask = 2147483647;
			files = (
				CE64670B29E6ABC300D32B47 /* GameViewController.swift in Sources */,
				CE6466E729E6990900D32B47 /* WordsViewController.swift in Sources */,
				CE64670D29E7E2B000D32B47 /* KnownWordsViewController.swift in Sources */,
				CE64671029E7E62500D32B47 /* NoKnowCell.swift in Sources */,
				CE6466FB29E69C1500D32B47 /* WordCell.swift in Sources */,
				CEBB91D529E7E7EC00D26220 /* StudyingViewController.swift in Sources */,
				CE6466E329E6990900D32B47 /* AppDelegate.swift in Sources */,
				CE64670529E6A6E600D32B47 /* MainTabBarController.swift in Sources */,
				CE64671329E7E64000D32B47 /* KnowCell.swift in Sources */,
				CE64670129E6A1F200D32B47 /* WordsService.swift in Sources */,
				CE6466E529E6990900D32B47 /* SceneDelegate.swift in Sources */,
				CE6466FE29E69F1500D32B47 /* Word.swift in Sources */,
			);
			runOnlyForDeploymentPostprocessing = 0;
		};
/* End PBXSourcesBuildPhase section */

/* Begin PBXVariantGroup section */
		CE6466ED29E6990B00D32B47 /* LaunchScreen.storyboard */ = {
			isa = PBXVariantGroup;
			children = (
				CE6466EE29E6990B00D32B47 /* Base */,
			);
			name = LaunchScreen.storyboard;
			sourceTree = "<group>";
		};
/* End PBXVariantGroup section */

/* Begin XCBuildConfiguration section */
		CE6466F129E6990B00D32B47 /* Debug */ = {
			isa = XCBuildConfiguration;
			buildSettings = {
				ALWAYS_SEARCH_USER_PATHS = NO;
				CLANG_ANALYZER_NONNULL = YES;
				CLANG_ANALYZER_NUMBER_OBJECT_CONVERSION = YES_AGGRESSIVE;
				CLANG_CXX_LANGUAGE_STANDARD = "gnu++20";
				CLANG_ENABLE_MODULES = YES;
				CLANG_ENABLE_OBJC_ARC = YES;
				CLANG_ENABLE_OBJC_WEAK = YES;
				CLANG_WARN_BLOCK_CAPTURE_AUTORELEASING = YES;
				CLANG_WARN_BOOL_CONVERSION = YES;
				CLANG_WARN_COMMA = YES;
				CLANG_WARN_CONSTANT_CONVERSION = YES;
				CLANG_WARN_DEPRECATED_OBJC_IMPLEMENTATIONS = YES;
				CLANG_WARN_DIRECT_OBJC_ISA_USAGE = YES_ERROR;
				CLANG_WARN_DOCUMENTATION_COMMENTS = YES;
				CLANG_WARN_EMPTY_BODY = YES;
				CLANG_WARN_ENUM_CONVERSION = YES;
				CLANG_WARN_INFINITE_RECURSION = YES;
				CLANG_WARN_INT_CONVERSION = YES;
				CLANG_WARN_NON_LITERAL_NULL_CONVERSION = YES;
				CLANG_WARN_OBJC_IMPLICIT_RETAIN_SELF = YES;
				CLANG_WARN_OBJC_LITERAL_CONVERSION = YES;
				CLANG_WARN_OBJC_ROOT_CLASS = YES_ERROR;
				CLANG_WARN_QUOTED_INCLUDE_IN_FRAMEWORK_HEADER = YES;
				CLANG_WARN_RANGE_LOOP_ANALYSIS = YES;
				CLANG_WARN_STRICT_PROTOTYPES = YES;
				CLANG_WARN_SUSPICIOUS_MOVE = YES;
				CLANG_WARN_UNGUARDED_AVAILABILITY = YES_AGGRESSIVE;
				CLANG_WARN_UNREACHABLE_CODE = YES;
				CLANG_WARN__DUPLICATE_METHOD_MATCH = YES;
				COPY_PHASE_STRIP = NO;
				DEBUG_INFORMATION_FORMAT = dwarf;
				ENABLE_STRICT_OBJC_MSGSEND = YES;
				ENABLE_TESTABILITY = YES;
				GCC_C_LANGUAGE_STANDARD = gnu11;
				GCC_DYNAMIC_NO_PIC = NO;
				GCC_NO_COMMON_BLOCKS = YES;
				GCC_OPTIMIZATION_LEVEL = 0;
				GCC_PREPROCESSOR_DEFINITIONS = (
					"DEBUG=1",
					"$(inherited)",
				);
				GCC_WARN_64_TO_32_BIT_CONVERSION = YES;
				GCC_WARN_ABOUT_RETURN_TYPE = YES_ERROR;
				GCC_WARN_UNDECLARED_SELECTOR = YES;
				GCC_WARN_UNINITIALIZED_AUTOS = YES_AGGRESSIVE;
				GCC_WARN_UNUSED_FUNCTION = YES;
				GCC_WARN_UNUSED_VARIABLE = YES;
				IPHONEOS_DEPLOYMENT_TARGET = 16.4;
				MTL_ENABLE_DEBUG_INFO = INCLUDE_SOURCE;
				MTL_FAST_MATH = YES;
				ONLY_ACTIVE_ARCH = YES;
				SDKROOT = iphoneos;
				SWIFT_ACTIVE_COMPILATION_CONDITIONS = DEBUG;
				SWIFT_OPTIMIZATION_LEVEL = "-Onone";
			};
			name = Debug;
		};
		CE6466F229E6990B00D32B47 /* Release */ = {
			isa = XCBuildConfiguration;
			buildSettings = {
				ALWAYS_SEARCH_USER_PATHS = NO;
				CLANG_ANALYZER_NONNULL = YES;
				CLANG_ANALYZER_NUMBER_OBJECT_CONVERSION = YES_AGGRESSIVE;
				CLANG_CXX_LANGUAGE_STANDARD = "gnu++20";
				CLANG_ENABLE_MODULES = YES;
				CLANG_ENABLE_OBJC_ARC = YES;
				CLANG_ENABLE_OBJC_WEAK = YES;
				CLANG_WARN_BLOCK_CAPTURE_AUTORELEASING = YES;
				CLANG_WARN_BOOL_CONVERSION = YES;
				CLANG_WARN_COMMA = YES;
				CLANG_WARN_CONSTANT_CONVERSION = YES;
				CLANG_WARN_DEPRECATED_OBJC_IMPLEMENTATIONS = YES;
				CLANG_WARN_DIRECT_OBJC_ISA_USAGE = YES_ERROR;
				CLANG_WARN_DOCUMENTATION_COMMENTS = YES;
				CLANG_WARN_EMPTY_BODY = YES;
				CLANG_WARN_ENUM_CONVERSION = YES;
				CLANG_WARN_INFINITE_RECURSION = YES;
				CLANG_WARN_INT_CONVERSION = YES;
				CLANG_WARN_NON_LITERAL_NULL_CONVERSION = YES;
				CLANG_WARN_OBJC_IMPLICIT_RETAIN_SELF = YES;
				CLANG_WARN_OBJC_LITERAL_CONVERSION = YES;
				CLANG_WARN_OBJC_ROOT_CLASS = YES_ERROR;
				CLANG_WARN_QUOTED_INCLUDE_IN_FRAMEWORK_HEADER = YES;
				CLANG_WARN_RANGE_LOOP_ANALYSIS = YES;
				CLANG_WARN_STRICT_PROTOTYPES = YES;
				CLANG_WARN_SUSPICIOUS_MOVE = YES;
				CLANG_WARN_UNGUARDED_AVAILABILITY = YES_AGGRESSIVE;
				CLANG_WARN_UNREACHABLE_CODE = YES;
				CLANG_WARN__DUPLICATE_METHOD_MATCH = YES;
				COPY_PHASE_STRIP = NO;
				DEBUG_INFORMATION_FORMAT = "dwarf-with-dsym";
				ENABLE_NS_ASSERTIONS = NO;
				ENABLE_STRICT_OBJC_MSGSEND = YES;
				GCC_C_LANGUAGE_STANDARD = gnu11;
				GCC_NO_COMMON_BLOCKS = YES;
				GCC_WARN_64_TO_32_BIT_CONVERSION = YES;
				GCC_WARN_ABOUT_RETURN_TYPE = YES_ERROR;
				GCC_WARN_UNDECLARED_SELECTOR = YES;
				GCC_WARN_UNINITIALIZED_AUTOS = YES_AGGRESSIVE;
				GCC_WARN_UNUSED_FUNCTION = YES;
				GCC_WARN_UNUSED_VARIABLE = YES;
				IPHONEOS_DEPLOYMENT_TARGET = 16.4;
				MTL_ENABLE_DEBUG_INFO = NO;
				MTL_FAST_MATH = YES;
				SDKROOT = iphoneos;
				SWIFT_COMPILATION_MODE = wholemodule;
				SWIFT_OPTIMIZATION_LEVEL = "-O";
				VALIDATE_PRODUCT = YES;
			};
			name = Release;
		};
		CE6466F429E6990B00D32B47 /* Debug */ = {
			isa = XCBuildConfiguration;
			buildSettings = {
				ASSETCATALOG_COMPILER_APPICON_NAME = AppIcon;
				ASSETCATALOG_COMPILER_GLOBAL_ACCENT_COLOR_NAME = AccentColor;
				CODE_SIGN_STYLE = Automatic;
				CURRENT_PROJECT_VERSION = 1;
				DEVELOPMENT_TEAM = L86P4HUDQ3;
				GENERATE_INFOPLIST_FILE = YES;
				INFOPLIST_FILE = "english-words/Resources/Info.plist";
				INFOPLIST_KEY_UIApplicationSupportsIndirectInputEvents = YES;
				INFOPLIST_KEY_UILaunchStoryboardName = LaunchScreen;
				INFOPLIST_KEY_UISupportedInterfaceOrientations = UIInterfaceOrientationPortrait;
				INFOPLIST_KEY_UISupportedInterfaceOrientations_iPad = "UIInterfaceOrientationLandscapeLeft UIInterfaceOrientationLandscapeRight UIInterfaceOrientationPortrait UIInterfaceOrientationPortraitUpsideDown";
				IPHONEOS_DEPLOYMENT_TARGET = 14.0;
				LD_RUNPATH_SEARCH_PATHS = (
					"$(inherited)",
					"@executable_path/Frameworks",
				);
				MARKETING_VERSION = 1.0;
				PRODUCT_BUNDLE_IDENTIFIER = "seleza1.english-words";
				PRODUCT_NAME = "$(TARGET_NAME)";
				SUPPORTED_PLATFORMS = "iphoneos iphonesimulator";
				SUPPORTS_MACCATALYST = NO;
				SUPPORTS_MAC_DESIGNED_FOR_IPHONE_IPAD = NO;
				SWIFT_EMIT_LOC_STRINGS = YES;
				SWIFT_VERSION = 5.0;
				TARGETED_DEVICE_FAMILY = 1;
			};
			name = Debug;
		};
		CE6466F529E6990B00D32B47 /* Release */ = {
			isa = XCBuildConfiguration;
			buildSettings = {
				ASSETCATALOG_COMPILER_APPICON_NAME = AppIcon;
				ASSETCATALOG_COMPILER_GLOBAL_ACCENT_COLOR_NAME = AccentColor;
				CODE_SIGN_STYLE = Automatic;
				CURRENT_PROJECT_VERSION = 1;
				DEVELOPMENT_TEAM = L86P4HUDQ3;
				GENERATE_INFOPLIST_FILE = YES;
				INFOPLIST_FILE = "english-words/Resources/Info.plist";
				INFOPLIST_KEY_UIApplicationSupportsIndirectInputEvents = YES;
				INFOPLIST_KEY_UILaunchStoryboardName = LaunchScreen;
				INFOPLIST_KEY_UISupportedInterfaceOrientations = UIInterfaceOrientationPortrait;
				INFOPLIST_KEY_UISupportedInterfaceOrientations_iPad = "UIInterfaceOrientationLandscapeLeft UIInterfaceOrientationLandscapeRight UIInterfaceOrientationPortrait UIInterfaceOrientationPortraitUpsideDown";
				IPHONEOS_DEPLOYMENT_TARGET = 14.0;
				LD_RUNPATH_SEARCH_PATHS = (
					"$(inherited)",
					"@executable_path/Frameworks",
				);
				MARKETING_VERSION = 1.0;
				PRODUCT_BUNDLE_IDENTIFIER = "seleza1.english-words";
				PRODUCT_NAME = "$(TARGET_NAME)";
				SUPPORTED_PLATFORMS = "iphoneos iphonesimulator";
				SUPPORTS_MACCATALYST = NO;
				SUPPORTS_MAC_DESIGNED_FOR_IPHONE_IPAD = NO;
				SWIFT_EMIT_LOC_STRINGS = YES;
				SWIFT_VERSION = 5.0;
				TARGETED_DEVICE_FAMILY = 1;
			};
			name = Release;
		};
/* End XCBuildConfiguration section */

/* Begin XCConfigurationList section */
		CE6466DA29E6990900D32B47 /* Build configuration list for PBXProject "english-words" */ = {
			isa = XCConfigurationList;
			buildConfigurations = (
				CE6466F129E6990B00D32B47 /* Debug */,
				CE6466F229E6990B00D32B47 /* Release */,
			);
			defaultConfigurationIsVisible = 0;
			defaultConfigurationName = Release;
		};
		CE6466F329E6990B00D32B47 /* Build configuration list for PBXNativeTarget "english-words" */ = {
			isa = XCConfigurationList;
			buildConfigurations = (
				CE6466F429E6990B00D32B47 /* Debug */,
				CE6466F529E6990B00D32B47 /* Release */,
			);
			defaultConfigurationIsVisible = 0;
			defaultConfigurationName = Release;
		};
/* End XCConfigurationList section */
	};
	rootObject = CE6466D729E6990900D32B47 /* Project object */;
}
